// !$*UTF8*$!
{
	archiveVersion = 1;
	classes = {
	};
	objectVersion = 56;
	objects = {

/* Begin PBXBuildFile section */
		B90076AF2BB6C77E00AAFB6A /* LandmarksApp.swift in Sources */ = {isa = PBXBuildFile; fileRef = B90076AE2BB6C77E00AAFB6A /* LandmarksApp.swift */; };
		B90076B12BB6C77E00AAFB6A /* ContentView.swift in Sources */ = {isa = PBXBuildFile; fileRef = B90076B02BB6C77E00AAFB6A /* ContentView.swift */; };
		B90076B32BB6C78000AAFB6A /* Assets.xcassets in Resources */ = {isa = PBXBuildFile; fileRef = B90076B22BB6C78000AAFB6A /* Assets.xcassets */; };
		B90076B62BB6C78000AAFB6A /* Preview Assets.xcassets in Resources */ = {isa = PBXBuildFile; fileRef = B90076B52BB6C78000AAFB6A /* Preview Assets.xcassets */; };
		B90A418C2BB96DFF0072E480 /* landmarkData.json in Resources */ = {isa = PBXBuildFile; fileRef = B90A418B2BB96DFF0072E480 /* landmarkData.json */; };
		B90A418E2BB96E1D0072E480 /* Landmark.swift in Sources */ = {isa = PBXBuildFile; fileRef = B90A418D2BB96E1D0072E480 /* Landmark.swift */; };
		B90A41902BB9702C0072E480 /* ModelData.swift in Sources */ = {isa = PBXBuildFile; fileRef = B90A418F2BB9702C0072E480 /* ModelData.swift */; };
		B90A41972BB973B70072E480 /* LandmarkRow.swift in Sources */ = {isa = PBXBuildFile; fileRef = B90A41962BB973B70072E480 /* LandmarkRow.swift */; };
		B90A41992BB976450072E480 /* LandmarkList.swift in Sources */ = {isa = PBXBuildFile; fileRef = B90A41982BB976450072E480 /* LandmarkList.swift */; };
		B90A419B2BB978710072E480 /* LandmarkDetail.swift in Sources */ = {isa = PBXBuildFile; fileRef = B90A419A2BB978710072E480 /* LandmarkDetail.swift */; };
		B9334B582BB6CFC3001BB57B /* CircleImage.swift in Sources */ = {isa = PBXBuildFile; fileRef = B9334B572BB6CFC2001BB57B /* CircleImage.swift */; };
		B9334B5A2BB6D0C7001BB57B /* MapView.swift in Sources */ = {isa = PBXBuildFile; fileRef = B9334B592BB6D0C6001BB57B /* MapView.swift */; };
/* End PBXBuildFile section */

/* Begin PBXFileReference section */
		B90076AB2BB6C77E00AAFB6A /* Landmarks.app */ = {isa = PBXFileReference; explicitFileType = wrapper.application; includeInIndex = 0; path = Landmarks.app; sourceTree = BUILT_PRODUCTS_DIR; };
		B90076AE2BB6C77E00AAFB6A /* LandmarksApp.swift */ = {isa = PBXFileReference; lastKnownFileType = sourcecode.swift; path = LandmarksApp.swift; sourceTree = "<group>"; };
		B90076B02BB6C77E00AAFB6A /* ContentView.swift */ = {isa = PBXFileReference; lastKnownFileType = sourcecode.swift; path = ContentView.swift; sourceTree = "<group>"; };
		B90076B22BB6C78000AAFB6A /* Assets.xcassets */ = {isa = PBXFileReference; lastKnownFileType = folder.assetcatalog; path = Assets.xcassets; sourceTree = "<group>"; };
		B90076B52BB6C78000AAFB6A /* Preview Assets.xcassets */ = {isa = PBXFileReference; lastKnownFileType = folder.assetcatalog; path = "Preview Assets.xcassets"; sourceTree = "<group>"; };
		B90A418B2BB96DFF0072E480 /* landmarkData.json */ = {isa = PBXFileReference; fileEncoding = 4; lastKnownFileType = text.json; path = landmarkData.json; sourceTree = "<group>"; };
		B90A418D2BB96E1D0072E480 /* Landmark.swift */ = {isa = PBXFileReference; lastKnownFileType = sourcecode.swift; path = Landmark.swift; sourceTree = "<group>"; };
		B90A418F2BB9702C0072E480 /* ModelData.swift */ = {isa = PBXFileReference; lastKnownFileType = sourcecode.swift; path = ModelData.swift; sourceTree = "<group>"; };
		B90A41962BB973B70072E480 /* LandmarkRow.swift */ = {isa = PBXFileReference; lastKnownFileType = sourcecode.swift; path = LandmarkRow.swift; sourceTree = "<group>"; };
		B90A41982BB976450072E480 /* LandmarkList.swift */ = {isa = PBXFileReference; lastKnownFileType = sourcecode.swift; path = LandmarkList.swift; sourceTree = "<group>"; };
		B90A419A2BB978710072E480 /* LandmarkDetail.swift */ = {isa = PBXFileReference; lastKnownFileType = sourcecode.swift; path = LandmarkDetail.swift; sourceTree = "<group>"; };
		B9334B572BB6CFC2001BB57B /* CircleImage.swift */ = {isa = PBXFileReference; lastKnownFileType = sourcecode.swift; path = CircleImage.swift; sourceTree = "<group>"; };
		B9334B592BB6D0C6001BB57B /* MapView.swift */ = {isa = PBXFileReference; lastKnownFileType = sourcecode.swift; path = MapView.swift; sourceTree = "<group>"; };
/* End PBXFileReference section */

/* Begin PBXFrameworksBuildPhase section */
		B90076A82BB6C77E00AAFB6A /* Frameworks */ = {
			isa = PBXFrameworksBuildPhase;
			buildActionMask = 2147483647;
			files = (
			);
			runOnlyForDeploymentPostprocessing = 0;
		};
/* End PBXFrameworksBuildPhase section */

/* Begin PBXGroup section */
		B90076A22BB6C77E00AAFB6A = {
			isa = PBXGroup;
			children = (
				B90076AD2BB6C77E00AAFB6A /* Landmarks */,
				B90076AC2BB6C77E00AAFB6A /* Products */,
			);
			sourceTree = "<group>";
		};
		B90076AC2BB6C77E00AAFB6A /* Products */ = {
			isa = PBXGroup;
			children = (
				B90076AB2BB6C77E00AAFB6A /* Landmarks.app */,
			);
			name = Products;
			sourceTree = "<group>";
		};
		B90076AD2BB6C77E00AAFB6A /* Landmarks */ = {
			isa = PBXGroup;
			children = (
				B90076AE2BB6C77E00AAFB6A /* LandmarksApp.swift */,
				B90A41912BB972B20072E480 /* View */,
				B90A41922BB972BF0072E480 /* Model */,
				B90A41932BB972D80072E480 /* Resouces */,
				B90076B22BB6C78000AAFB6A /* Assets.xcassets */,
				B90076B42BB6C78000AAFB6A /* Preview Content */,
			);
			path = Landmarks;
			sourceTree = "<group>";
		};
		B90076B42BB6C78000AAFB6A /* Preview Content */ = {
			isa = PBXGroup;
			children = (
				B90076B52BB6C78000AAFB6A /* Preview Assets.xcassets */,
			);
			path = "Preview Content";
			sourceTree = "<group>";
		};
		B90A41912BB972B20072E480 /* View */ = {
			isa = PBXGroup;
			children = (
				B90076B02BB6C77E00AAFB6A /* ContentView.swift */,
				B9334B572BB6CFC2001BB57B /* CircleImage.swift */,
				B9334B592BB6D0C6001BB57B /* MapView.swift */,
				B90A41962BB973B70072E480 /* LandmarkRow.swift */,
				B90A41982BB976450072E480 /* LandmarkList.swift */,
				B90A419A2BB978710072E480 /* LandmarkDetail.swift */,
			);
			path = View;
			sourceTree = "<group>";
		};
		B90A41922BB972BF0072E480 /* Model */ = {
			isa = PBXGroup;
			children = (
				B90A418D2BB96E1D0072E480 /* Landmark.swift */,
				B90A418F2BB9702C0072E480 /* ModelData.swift */,
			);
			path = Model;
			sourceTree = "<group>";
		};
		B90A41932BB972D80072E480 /* Resouces */ = {
			isa = PBXGroup;
			children = (
				B90A418B2BB96DFF0072E480 /* landmarkData.json */,
			);
			path = Resouces;
			sourceTree = "<group>";
		};
/* End PBXGroup section */

/* Begin PBXNativeTarget section */
		B90076AA2BB6C77E00AAFB6A /* Landmarks */ = {
			isa = PBXNativeTarget;
			buildConfigurationList = B90076B92BB6C78000AAFB6A /* Build configuration list for PBXNativeTarget "Landmarks" */;
			buildPhases = (
				B90076A72BB6C77E00AAFB6A /* Sources */,
				B90076A82BB6C77E00AAFB6A /* Frameworks */,
				B90076A92BB6C77E00AAFB6A /* Resources */,
			);
			buildRules = (
			);
			dependencies = (
			);
			name = Landmarks;
			productName = Landmarks;
			productReference = B90076AB2BB6C77E00AAFB6A /* Landmarks.app */;
			productType = "com.apple.product-type.application";
		};
/* End PBXNativeTarget section */

/* Begin PBXProject section */
		B90076A32BB6C77E00AAFB6A /* Project object */ = {
			isa = PBXProject;
			attributes = {
				BuildIndependentTargetsInParallel = 1;
				LastSwiftUpdateCheck = 1530;
				LastUpgradeCheck = 1530;
				TargetAttributes = {
					B90076AA2BB6C77E00AAFB6A = {
						CreatedOnToolsVersion = 15.3;
					};
				};
			};
			buildConfigurationList = B90076A62BB6C77E00AAFB6A /* Build configuration list for PBXProject "Landmarks" */;
			compatibilityVersion = "Xcode 14.0";
			developmentRegion = en;
			hasScannedForEncodings = 0;
			knownRegions = (
				en,
				Base,
			);
			mainGroup = B90076A22BB6C77E00AAFB6A;
			productRefGroup = B90076AC2BB6C77E00AAFB6A /* Products */;
			projectDirPath = "";
			projectRoot = "";
			targets = (
				B90076AA2BB6C77E00AAFB6A /* Landmarks */,
			);
		};
/* End PBXProject section */

/* Begin PBXResourcesBuildPhase section */
		B90076A92BB6C77E00AAFB6A /* Resources */ = {
			isa = PBXResourcesBuildPhase;
			buildActionMask = 2147483647;
			files = (
				B90076B62BB6C78000AAFB6A /* Preview Assets.xcassets in Resources */,
				B90076B32BB6C78000AAFB6A /* Assets.xcassets in Resources */,
				B90A418C2BB96DFF0072E480 /* landmarkData.json in Resources */,
			);
			runOnlyForDeploymentPostprocessing = 0;
		};
/* End PBXResourcesBuildPhase section */

/* Begin PBXSourcesBuildPhase section */
		B90076A72BB6C77E00AAFB6A /* Sources */ = {
			isa = PBXSourcesBuildPhase;
			buildActionMask = 2147483647;
			files = (
				B90076B12BB6C77E00AAFB6A /* ContentView.swift in Sources */,
				B9334B5A2BB6D0C7001BB57B /* MapView.swift in Sources */,
				B90076AF2BB6C77E00AAFB6A /* LandmarksApp.swift in Sources */,
				B90A41992BB976450072E480 /* LandmarkList.swift in Sources */,
				B90A419B2BB978710072E480 /* LandmarkDetail.swift in Sources */,
				B9334B582BB6CFC3001BB57B /* CircleImage.swift in Sources */,
				B90A418E2BB96E1D0072E480 /* Landmark.swift in Sources */,
				B90A41972BB973B70072E480 /* LandmarkRow.swift in Sources */,
				B90A41902BB9702C0072E480 /* ModelData.swift in Sources */,
			);
			runOnlyForDeploymentPostprocessing = 0;
		};
/* End PBXSourcesBuildPhase section */

/* Begin XCBuildConfiguration section */
		B90076B72BB6C78000AAFB6A /* Debug */ = {
			isa = XCBuildConfiguration;
			buildSettings = {
				ALWAYS_SEARCH_USER_PATHS = NO;
				ASSETCATALOG_COMPILER_GENERATE_SWIFT_ASSET_SYMBOL_EXTENSIONS = YES;
				CLANG_ANALYZER_NONNULL = YES;
				CLANG_ANALYZER_NUMBER_OBJECT_CONVERSION = YES_AGGRESSIVE;
				CLANG_CXX_LANGUAGE_STANDARD = "gnu++20";
				CLANG_ENABLE_MODULES = YES;
				CLANG_ENABLE_OBJC_ARC = YES;
				CLANG_ENABLE_OBJC_WEAK = YES;
				CLANG_WARN_BLOCK_CAPTURE_AUTORELEASING = YES;
				CLANG_WARN_BOOL_CONVERSION = YES;
				CLANG_WARN_COMMA = YES;
				CLANG_WARN_CONSTANT_CONVERSION = YES;
				CLANG_WARN_DEPRECATED_OBJC_IMPLEMENTATIONS = YES;
				CLANG_WARN_DIRECT_OBJC_ISA_USAGE = YES_ERROR;
				CLANG_WARN_DOCUMENTATION_COMMENTS = YES;
				CLANG_WARN_EMPTY_BODY = YES;
				CLANG_WARN_ENUM_CONVERSION = YES;
				CLANG_WARN_INFINITE_RECURSION = YES;
				CLANG_WARN_INT_CONVERSION = YES;
				CLANG_WARN_NON_LITERAL_NULL_CONVERSION = YES;
				CLANG_WARN_OBJC_IMPLICIT_RETAIN_SELF = YES;
				CLANG_WARN_OBJC_LITERAL_CONVERSION = YES;
				CLANG_WARN_OBJC_ROOT_CLASS = YES_ERROR;
				CLANG_WARN_QUOTED_INCLUDE_IN_FRAMEWORK_HEADER = YES;
				CLANG_WARN_RANGE_LOOP_ANALYSIS = YES;
				CLANG_WARN_STRICT_PROTOTYPES = YES;
				CLANG_WARN_SUSPICIOUS_MOVE = YES;
				CLANG_WARN_UNGUARDED_AVAILABILITY = YES_AGGRESSIVE;
				CLANG_WARN_UNREACHABLE_CODE = YES;
				CLANG_WARN__DUPLICATE_METHOD_MATCH = YES;
				COPY_PHASE_STRIP = NO;
				DEBUG_INFORMATION_FORMAT = dwarf;
				ENABLE_STRICT_OBJC_MSGSEND = YES;
				ENABLE_TESTABILITY = YES;
				ENABLE_USER_SCRIPT_SANDBOXING = YES;
				GCC_C_LANGUAGE_STANDARD = gnu17;
				GCC_DYNAMIC_NO_PIC = NO;
				GCC_NO_COMMON_BLOCKS = YES;
				GCC_OPTIMIZATION_LEVEL = 0;
				GCC_PREPROCESSOR_DEFINITIONS = (
					"DEBUG=1",
					"$(inherited)",
				);
				GCC_WARN_64_TO_32_BIT_CONVERSION = YES;
				GCC_WARN_ABOUT_RETURN_TYPE = YES_ERROR;
				GCC_WARN_UNDECLARED_SELECTOR = YES;
				GCC_WARN_UNINITIALIZED_AUTOS = YES_AGGRESSIVE;
				GCC_WARN_UNUSED_FUNCTION = YES;
				GCC_WARN_UNUSED_VARIABLE = YES;
				IPHONEOS_DEPLOYMENT_TARGET = 17.4;
				LOCALIZATION_PREFERS_STRING_CATALOGS = YES;
				MTL_ENABLE_DEBUG_INFO = INCLUDE_SOURCE;
				MTL_FAST_MATH = YES;
				ONLY_ACTIVE_ARCH = YES;
				SDKROOT = iphoneos;
				SWIFT_ACTIVE_COMPILATION_CONDITIONS = "DEBUG $(inherited)";
				SWIFT_OPTIMIZATION_LEVEL = "-Onone";
			};
			name = Debug;
		};
		B90076B82BB6C78000AAFB6A /* Release */ = {
			isa = XCBuildConfiguration;
			buildSettings = {
				ALWAYS_SEARCH_USER_PATHS = NO;
				ASSETCATALOG_COMPILER_GENERATE_SWIFT_ASSET_SYMBOL_EXTENSIONS = YES;
				CLANG_ANALYZER_NONNULL = YES;
				CLANG_ANALYZER_NUMBER_OBJECT_CONVERSION = YES_AGGRESSIVE;
				CLANG_CXX_LANGUAGE_STANDARD = "gnu++20";
				CLANG_ENABLE_MODULES = YES;
				CLANG_ENABLE_OBJC_ARC = YES;
				CLANG_ENABLE_OBJC_WEAK = YES;
				CLANG_WARN_BLOCK_CAPTURE_AUTORELEASING = YES;
				CLANG_WARN_BOOL_CONVERSION = YES;
				CLANG_WARN_COMMA = YES;
				CLANG_WARN_CONSTANT_CONVERSION = YES;
				CLANG_WARN_DEPRECATED_OBJC_IMPLEMENTATIONS = YES;
				CLANG_WARN_DIRECT_OBJC_ISA_USAGE = YES_ERROR;
				CLANG_WARN_DOCUMENTATION_COMMENTS = YES;
				CLANG_WARN_EMPTY_BODY = YES;
				CLANG_WARN_ENUM_CONVERSION = YES;
				CLANG_WARN_INFINITE_RECURSION = YES;
				CLANG_WARN_INT_CONVERSION = YES;
				CLANG_WARN_NON_LITERAL_NULL_CONVERSION = YES;
				CLANG_WARN_OBJC_IMPLICIT_RETAIN_SELF = YES;
				CLANG_WARN_OBJC_LITERAL_CONVERSION = YES;
				CLANG_WARN_OBJC_ROOT_CLASS = YES_ERROR;
				CLANG_WARN_QUOTED_INCLUDE_IN_FRAMEWORK_HEADER = YES;
				CLANG_WARN_RANGE_LOOP_ANALYSIS = YES;
				CLANG_WARN_STRICT_PROTOTYPES = YES;
				CLANG_WARN_SUSPICIOUS_MOVE = YES;
				CLANG_WARN_UNGUARDED_AVAILABILITY = YES_AGGRESSIVE;
				CLANG_WARN_UNREACHABLE_CODE = YES;
				CLANG_WARN__DUPLICATE_METHOD_MATCH = YES;
				COPY_PHASE_STRIP = NO;
				DEBUG_INFORMATION_FORMAT = "dwarf-with-dsym";
				ENABLE_NS_ASSERTIONS = NO;
				ENABLE_STRICT_OBJC_MSGSEND = YES;
				ENABLE_USER_SCRIPT_SANDBOXING = YES;
				GCC_C_LANGUAGE_STANDARD = gnu17;
				GCC_NO_COMMON_BLOCKS = YES;
				GCC_WARN_64_TO_32_BIT_CONVERSION = YES;
				GCC_WARN_ABOUT_RETURN_TYPE = YES_ERROR;
				GCC_WARN_UNDECLARED_SELECTOR = YES;
				GCC_WARN_UNINITIALIZED_AUTOS = YES_AGGRESSIVE;
				GCC_WARN_UNUSED_FUNCTION = YES;
				GCC_WARN_UNUSED_VARIABLE = YES;
				IPHONEOS_DEPLOYMENT_TARGET = 17.4;
				LOCALIZATION_PREFERS_STRING_CATALOGS = YES;
				MTL_ENABLE_DEBUG_INFO = NO;
				MTL_FAST_MATH = YES;
				SDKROOT = iphoneos;
				SWIFT_COMPILATION_MODE = wholemodule;
				VALIDATE_PRODUCT = YES;
			};
			name = Release;
		};
		B90076BA2BB6C78000AAFB6A /* Debug */ = {
			isa = XCBuildConfiguration;
			buildSettings = {
				ASSETCATALOG_COMPILER_APPICON_NAME = AppIcon;
				ASSETCATALOG_COMPILER_GLOBAL_ACCENT_COLOR_NAME = AccentColor;
				CODE_SIGN_STYLE = Automatic;
				CURRENT_PROJECT_VERSION = 1;
				DEVELOPMENT_ASSET_PATHS = "\"Landmarks/Preview Content\"";
				DEVELOPMENT_TEAM = YV8PDCP6NZ;
				ENABLE_PREVIEWS = YES;
				GENERATE_INFOPLIST_FILE = YES;
				INFOPLIST_KEY_UIApplicationSceneManifest_Generation = YES;
				INFOPLIST_KEY_UIApplicationSupportsIndirectInputEvents = YES;
				INFOPLIST_KEY_UILaunchScreen_Generation = YES;
				INFOPLIST_KEY_UISupportedInterfaceOrientations_iPad = "UIInterfaceOrientationPortrait UIInterfaceOrientationPortraitUpsideDown UIInterfaceOrientationLandscapeLeft UIInterfaceOrientationLandscapeRight";
				INFOPLIST_KEY_UISupportedInterfaceOrientations_iPhone = "UIInterfaceOrientationPortrait UIInterfaceOrientationLandscapeLeft UIInterfaceOrientationLandscapeRight";
				IPHONEOS_DEPLOYMENT_TARGET = 17.3;
				LD_RUNPATH_SEARCH_PATHS = (
					"$(inherited)",
					"@executable_path/Frameworks",
				);
				MARKETING_VERSION = 1.0;
				PRODUCT_BUNDLE_IDENTIFIER = "com.example.landmarks-demo";
				PRODUCT_NAME = "$(TARGET_NAME)";
				SWIFT_EMIT_LOC_STRINGS = YES;
				SWIFT_VERSION = 5.0;
				TARGETED_DEVICE_FAMILY = "1,2";
			};
			name = Debug;
		};
		B90076BB2BB6C78000AAFB6A /* Release */ = {
			isa = XCBuildConfiguration;
			buildSettings = {
				ASSETCATALOG_COMPILER_APPICON_NAME = AppIcon;
				ASSETCATALOG_COMPILER_GLOBAL_ACCENT_COLOR_NAME = AccentColor;
				CODE_SIGN_STYLE = Automatic;
				CURRENT_PROJECT_VERSION = 1;
				DEVELOPMENT_ASSET_PATHS = "\"Landmarks/Preview Content\"";
				DEVELOPMENT_TEAM = YV8PDCP6NZ;
				ENABLE_PREVIEWS = YES;
				GENERATE_INFOPLIST_FILE = YES;
				INFOPLIST_KEY_UIApplicationSceneManifest_Generation = YES;
				INFOPLIST_KEY_UIApplicationSupportsIndirectInputEvents = YES;
				INFOPLIST_KEY_UILaunchScreen_Generation = YES;
				INFOPLIST_KEY_UISupportedInterfaceOrientations_iPad = "UIInterfaceOrientationPortrait UIInterfaceOrientationPortraitUpsideDown UIInterfaceOrientationLandscapeLeft UIInterfaceOrientationLandscapeRight";
				INFOPLIST_KEY_UISupportedInterfaceOrientations_iPhone = "UIInterfaceOrientationPortrait UIInterfaceOrientationLandscapeLeft UIInterfaceOrientationLandscapeRight";
				IPHONEOS_DEPLOYMENT_TARGET = 17.3;
				LD_RUNPATH_SEARCH_PATHS = (
					"$(inherited)",
					"@executable_path/Frameworks",
				);
				MARKETING_VERSION = 1.0;
				PRODUCT_BUNDLE_IDENTIFIER = "com.example.landmarks-demo";
				PRODUCT_NAME = "$(TARGET_NAME)";
				SWIFT_EMIT_LOC_STRINGS = YES;
				SWIFT_VERSION = 5.0;
				TARGETED_DEVICE_FAMILY = "1,2";
			};
			name = Release;
		};
/* End XCBuildConfiguration section */

/* Begin XCConfigurationList section */
		B90076A62BB6C77E00AAFB6A /* Build configuration list for PBXProject "Landmarks" */ = {
			isa = XCConfigurationList;
			buildConfigurations = (
				B90076B72BB6C78000AAFB6A /* Debug */,
				B90076B82BB6C78000AAFB6A /* Release */,
			);
			defaultConfigurationIsVisible = 0;
			defaultConfigurationName = Release;
		};
		B90076B92BB6C78000AAFB6A /* Build configuration list for PBXNativeTarget "Landmarks" */ = {
			isa = XCConfigurationList;
			buildConfigurations = (
				B90076BA2BB6C78000AAFB6A /* Debug */,
				B90076BB2BB6C78000AAFB6A /* Release */,
			);
			defaultConfigurationIsVisible = 0;
			defaultConfigurationName = Release;
		};
/* End XCConfigurationList section */
	};
	rootObject = B90076A32BB6C77E00AAFB6A /* Project object */;
}
